{
  "version": 4,
  "terraform_version": "1.13.5",
  "serial": 3,
  "lineage": "e1f28883-591c-4013-3405-c3b39b19a5fc",
  "outputs": {},
  "resources": [
    {
      "mode": "managed",
      "type": "hcloud_firewall",
      "name": "deepseek",
      "provider": "provider[\"registry.terraform.io/hetznercloud/hcloud\"]",
      "instances": [
        {
          "schema_version": 0,
          "attributes": {
            "apply_to": [],
            "id": "10346212",
            "labels": {},
            "name": "deepseek-fw",
            "rule": [
              {
                "description": "SSH access",
                "destination_ips": [],
                "direction": "in",
                "port": "22",
                "protocol": "tcp",
                "source_ips": [
                  "0.0.0.0/0",
                  "::/0"
                ]
              }
            ]
          },
          "sensitive_attributes": [],
          "identity_schema_version": 0,
          "private": "bnVsbA=="
        }
      ]
    }
  ],
  "check_results": null
}
