{
  "version": 4,
  "terraform_version": "1.13.5",
  "serial": 6,
  "lineage": "e1f28883-591c-4013-3405-c3b39b19a5fc",
  "outputs": {},
  "resources": [
    {
      "mode": "managed",
      "type": "hcloud_firewall",
      "name": "deepseek",
      "provider": "provider[\"registry.terraform.io/hetznercloud/hcloud\"]",
      "instances": [
        {
          "schema_version": 0,
          "attributes": {
            "apply_to": [],
            "id": "10346212",
            "labels": {},
            "name": "deepseek-fw",
            "rule": [
              {
                "description": "SSH access",
                "destination_ips": [],
                "direction": "in",
                "port": "22",
                "protocol": "tcp",
                "source_ips": [
                  "0.0.0.0/0",
                  "::/0"
                ]
              }
            ]
          },
          "sensitive_attributes": [],
          "identity_schema_version": 0,
          "private": "bnVsbA=="
        }
      ]
    },
    {
      "mode": "managed",
      "type": "hcloud_firewall_attachment",
      "name": "deepseek",
      "provider": "provider[\"registry.terraform.io/hetznercloud/hcloud\"]",
      "instances": [
        {
          "schema_version": 0,
          "attributes": {
            "firewall_id": 10346212,
            "id": "10346212",
            "label_selectors": null,
            "server_ids": [
              116450076
            ]
          },
          "sensitive_attributes": [],
          "identity_schema_version": 0,
          "private": "bnVsbA==",
          "dependencies": [
            "hcloud_firewall.deepseek",
            "hcloud_server.deepseek"
          ]
        }
      ]
    },
    {
      "mode": "managed",
      "type": "hcloud_server",
      "name": "deepseek",
      "provider": "provider[\"registry.terraform.io/hetznercloud/hcloud\"]",
      "instances": [
        {
          "schema_version": 0,
          "attributes": {
            "allow_deprecated_images": false,
            "backup_window": "",
            "backups": false,
            "datacenter": "nbg1-dc3",
            "delete_protection": false,
            "firewall_ids": [],
            "id": "116450076",
            "ignore_remote_firewall_ids": false,
            "image": "ubuntu-22.04",
            "ipv4_address": "46.224.177.143",
            "ipv6_address": "2a01:4f8:1c1f:9010::1",
            "ipv6_network": "2a01:4f8:1c1f:9010::/64",
            "iso": null,
            "keep_disk": false,
            "labels": {
              "env": "prod",
              "project": "deepseek"
            },
            "location": "nbg1",
            "name": "deepseek",
            "network": [],
            "placement_group_id": 0,
            "primary_disk_size": 80,
            "public_net": [],
            "rebuild_protection": false,
            "rescue": null,
            "server_type": "cx33",
            "shutdown_before_deletion": false,
            "ssh_keys": [
              "Edijs"
            ],
            "status": "running",
            "timeouts": null,
            "user_data": "BaQ82G7bHm2Hhd8YDnmhN7JWHc4="
          },
          "sensitive_attributes": [],
          "identity_schema_version": 0,
          "private": "eyJlMmJmYjczMC1lY2FhLTExZTYtOGY4OC0zNDM2M2JjN2M0YzAiOnsiY3JlYXRlIjo1NDAwMDAwMDAwMDAwfX0="
        }
      ]
    }
  ],
  "check_results": null
}
